
Microsoft Visual Studio Solution File, Format Version 12.00
# Visual Studio 15
VisualStudioVersion = 15.0.26730.8
MinimumVisualStudioVersion = 10.0.40219.1
Project("{8BC9CEB8-8B4A-11D0-8D11-00A0C91BC942}") = "HelloWorld", "HelloWorld\HelloWorld.vcxproj", "{208DC417-6003-4E9D-A59C-7E2DA6258094}"
EndProject
Project("{8BC9CEB8-8B4A-11D0-8D11-00A0C91BC942}") = "variables", "variables\variables.vcxproj", "{9ABDCB18-D3C8-4102-B100-19E7579DF25D}"
EndProject
Project("{8BC9CEB8-8B4A-11D0-8D11-00A0C91BC942}") = "conditionals", "conditionals\conditionals.vcxproj", "{58694B7A-D3B4-4D59-98FD-BE377389723B}"
EndProject
Project("{8BC9CEB8-8B4A-11D0-8D11-00A0C91BC942}") = "Loops", "Loops\Loops.vcxproj", "{E76759CA-3B85-4EAC-B0BB-39FC7DDC56AE}"
EndProject
Project("{8BC9CEB8-8B4A-11D0-8D11-00A0C91BC942}") = "arrays", "arrays\arrays.vcxproj", "{8155FE78-A1B5-4C38-B203-68A6A68A98E1}"
EndProject
Project("{8BC9CEB8-8B4A-11D0-8D11-00A0C91BC942}") = "dragon", "dragon\dragon.vcxproj", "{69DC610A-5CFE-483C-B91E-B90E3F6A66B8}"
EndProject
Project("{8BC9CEB8-8B4A-11D0-8D11-00A0C91BC942}") = "Functions", "Functions\Functions.vcxproj", "{BA1E9E76-6041-4644-87D4-3BDB67AB32F3}"
EndProject
Project("{8BC9CEB8-8B4A-11D0-8D11-00A0C91BC942}") = "TicTackToe", "TicTack\TicTack.vcxproj", "{AEAF6BD1-DA19-42C6-B30B-ADC6D44B33A8}"
EndProject
Project("{8BC9CEB8-8B4A-11D0-8D11-00A0C91BC942}") = "Structs", "Structures\Structures.vcxproj", "{F9C87B2E-40E4-49D8-B5DA-EA62F20E299F}"
EndProject
Project("{8BC9CEB8-8B4A-11D0-8D11-00A0C91BC942}") = "ClassesClassExample", "ClassesClassExample\ClassesClassExample.vcxproj", "{6A8FBD97-BCB6-4BE8-9687-9AEC8DDE2F8F}"
EndProject
Project("{8BC9CEB8-8B4A-11D0-8D11-00A0C91BC942}") = "zombiefightclub", "zombiefightclub\zombiefightclub.vcxproj", "{351DEE95-3D38-4106-870A-8B20DA6E7C1A}"
EndProject
Global
	GlobalSection(SolutionConfigurationPlatforms) = preSolution
		Debug|x64 = Debug|x64
		Debug|x86 = Debug|x86
		Release|x64 = Release|x64
		Release|x86 = Release|x86
	EndGlobalSection
	GlobalSection(ProjectConfigurationPlatforms) = postSolution
		{208DC417-6003-4E9D-A59C-7E2DA6258094}.Debug|x64.ActiveCfg = Debug|x64
		{208DC417-6003-4E9D-A59C-7E2DA6258094}.Debug|x64.Build.0 = Debug|x64
		{208DC417-6003-4E9D-A59C-7E2DA6258094}.Debug|x86.ActiveCfg = Debug|Win32
		{208DC417-6003-4E9D-A59C-7E2DA6258094}.Debug|x86.Build.0 = Debug|Win32
		{208DC417-6003-4E9D-A59C-7E2DA6258094}.Release|x64.ActiveCfg = Release|x64
		{208DC417-6003-4E9D-A59C-7E2DA6258094}.Release|x64.Build.0 = Release|x64
		{208DC417-6003-4E9D-A59C-7E2DA6258094}.Release|x86.ActiveCfg = Release|Win32
		{208DC417-6003-4E9D-A59C-7E2DA6258094}.Release|x86.Build.0 = Release|Win32
		{9ABDCB18-D3C8-4102-B100-19E7579DF25D}.Debug|x64.ActiveCfg = Debug|x64
		{9ABDCB18-D3C8-4102-B100-19E7579DF25D}.Debug|x64.Build.0 = Debug|x64
		{9ABDCB18-D3C8-4102-B100-19E7579DF25D}.Debug|x86.ActiveCfg = Debug|Win32
		{9ABDCB18-D3C8-4102-B100-19E7579DF25D}.Debug|x86.Build.0 = Debug|Win32
		{9ABDCB18-D3C8-4102-B100-19E7579DF25D}.Release|x64.ActiveCfg = Release|x64
		{9ABDCB18-D3C8-4102-B100-19E7579DF25D}.Release|x64.Build.0 = Release|x64
		{9ABDCB18-D3C8-4102-B100-19E7579DF25D}.Release|x86.ActiveCfg = Release|Win32
		{9ABDCB18-D3C8-4102-B100-19E7579DF25D}.Release|x86.Build.0 = Release|Win32
		{58694B7A-D3B4-4D59-98FD-BE377389723B}.Debug|x64.ActiveCfg = Debug|x64
		{58694B7A-D3B4-4D59-98FD-BE377389723B}.Debug|x64.Build.0 = Debug|x64
		{58694B7A-D3B4-4D59-98FD-BE377389723B}.Debug|x86.ActiveCfg = Debug|Win32
		{58694B7A-D3B4-4D59-98FD-BE377389723B}.Debug|x86.Build.0 = Debug|Win32
		{58694B7A-D3B4-4D59-98FD-BE377389723B}.Release|x64.ActiveCfg = Release|x64
		{58694B7A-D3B4-4D59-98FD-BE377389723B}.Release|x64.Build.0 = Release|x64
		{58694B7A-D3B4-4D59-98FD-BE377389723B}.Release|x86.ActiveCfg = Release|Win32
		{58694B7A-D3B4-4D59-98FD-BE377389723B}.Release|x86.Build.0 = Release|Win32
		{E76759CA-3B85-4EAC-B0BB-39FC7DDC56AE}.Debug|x64.ActiveCfg = Debug|x64
		{E76759CA-3B85-4EAC-B0BB-39FC7DDC56AE}.Debug|x64.Build.0 = Debug|x64
		{E76759CA-3B85-4EAC-B0BB-39FC7DDC56AE}.Debug|x86.ActiveCfg = Debug|Win32
		{E76759CA-3B85-4EAC-B0BB-39FC7DDC56AE}.Debug|x86.Build.0 = Debug|Win32
		{E76759CA-3B85-4EAC-B0BB-39FC7DDC56AE}.Release|x64.ActiveCfg = Release|x64
		{E76759CA-3B85-4EAC-B0BB-39FC7DDC56AE}.Release|x64.Build.0 = Release|x64
		{E76759CA-3B85-4EAC-B0BB-39FC7DDC56AE}.Release|x86.ActiveCfg = Release|Win32
		{E76759CA-3B85-4EAC-B0BB-39FC7DDC56AE}.Release|x86.Build.0 = Release|Win32
		{8155FE78-A1B5-4C38-B203-68A6A68A98E1}.Debug|x64.ActiveCfg = Debug|x64
		{8155FE78-A1B5-4C38-B203-68A6A68A98E1}.Debug|x64.Build.0 = Debug|x64
		{8155FE78-A1B5-4C38-B203-68A6A68A98E1}.Debug|x86.ActiveCfg = Debug|Win32
		{8155FE78-A1B5-4C38-B203-68A6A68A98E1}.Debug|x86.Build.0 = Debug|Win32
		{8155FE78-A1B5-4C38-B203-68A6A68A98E1}.Release|x64.ActiveCfg = Release|x64
		{8155FE78-A1B5-4C38-B203-68A6A68A98E1}.Release|x64.Build.0 = Release|x64
		{8155FE78-A1B5-4C38-B203-68A6A68A98E1}.Release|x86.ActiveCfg = Release|Win32
		{8155FE78-A1B5-4C38-B203-68A6A68A98E1}.Release|x86.Build.0 = Release|Win32
		{69DC610A-5CFE-483C-B91E-B90E3F6A66B8}.Debug|x64.ActiveCfg = Debug|x64
		{69DC610A-5CFE-483C-B91E-B90E3F6A66B8}.Debug|x64.Build.0 = Debug|x64
		{69DC610A-5CFE-483C-B91E-B90E3F6A66B8}.Debug|x86.ActiveCfg = Debug|Win32
		{69DC610A-5CFE-483C-B91E-B90E3F6A66B8}.Debug|x86.Build.0 = Debug|Win32
		{69DC610A-5CFE-483C-B91E-B90E3F6A66B8}.Release|x64.ActiveCfg = Release|x64
		{69DC610A-5CFE-483C-B91E-B90E3F6A66B8}.Release|x64.Build.0 = Release|x64
		{69DC610A-5CFE-483C-B91E-B90E3F6A66B8}.Release|x86.ActiveCfg = Release|Win32
		{69DC610A-5CFE-483C-B91E-B90E3F6A66B8}.Release|x86.Build.0 = Release|Win32
		{BA1E9E76-6041-4644-87D4-3BDB67AB32F3}.Debug|x64.ActiveCfg = Debug|x64
		{BA1E9E76-6041-4644-87D4-3BDB67AB32F3}.Debug|x64.Build.0 = Debug|x64
		{BA1E9E76-6041-4644-87D4-3BDB67AB32F3}.Debug|x86.ActiveCfg = Debug|Win32
		{BA1E9E76-6041-4644-87D4-3BDB67AB32F3}.Debug|x86.Build.0 = Debug|Win32
		{BA1E9E76-6041-4644-87D4-3BDB67AB32F3}.Release|x64.ActiveCfg = Release|x64
		{BA1E9E76-6041-4644-87D4-3BDB67AB32F3}.Release|x64.Build.0 = Release|x64
		{BA1E9E76-6041-4644-87D4-3BDB67AB32F3}.Release|x86.ActiveCfg = Release|Win32
		{BA1E9E76-6041-4644-87D4-3BDB67AB32F3}.Release|x86.Build.0 = Release|Win32
		{AEAF6BD1-DA19-42C6-B30B-ADC6D44B33A8}.Debug|x64.ActiveCfg = Debug|x64
		{AEAF6BD1-DA19-42C6-B30B-ADC6D44B33A8}.Debug|x64.Build.0 = Debug|x64
		{AEAF6BD1-DA19-42C6-B30B-ADC6D44B33A8}.Debug|x86.ActiveCfg = Debug|Win32
		{AEAF6BD1-DA19-42C6-B30B-ADC6D44B33A8}.Debug|x86.Build.0 = Debug|Win32
		{AEAF6BD1-DA19-42C6-B30B-ADC6D44B33A8}.Release|x64.ActiveCfg = Release|x64
		{AEAF6BD1-DA19-42C6-B30B-ADC6D44B33A8}.Release|x64.Build.0 = Release|x64
		{AEAF6BD1-DA19-42C6-B30B-ADC6D44B33A8}.Release|x86.ActiveCfg = Release|Win32
		{AEAF6BD1-DA19-42C6-B30B-ADC6D44B33A8}.Release|x86.Build.0 = Release|Win32
		{F9C87B2E-40E4-49D8-B5DA-EA62F20E299F}.Debug|x64.ActiveCfg = Debug|x64
		{F9C87B2E-40E4-49D8-B5DA-EA62F20E299F}.Debug|x64.Build.0 = Debug|x64
		{F9C87B2E-40E4-49D8-B5DA-EA62F20E299F}.Debug|x86.ActiveCfg = Debug|Win32
		{F9C87B2E-40E4-49D8-B5DA-EA62F20E299F}.Debug|x86.Build.0 = Debug|Win32
		{F9C87B2E-40E4-49D8-B5DA-EA62F20E299F}.Release|x64.ActiveCfg = Release|x64
		{F9C87B2E-40E4-49D8-B5DA-EA62F20E299F}.Release|x64.Build.0 = Release|x64
		{F9C87B2E-40E4-49D8-B5DA-EA62F20E299F}.Release|x86.ActiveCfg = Release|Win32
		{F9C87B2E-40E4-49D8-B5DA-EA62F20E299F}.Release|x86.Build.0 = Release|Win32
		{6A8FBD97-BCB6-4BE8-9687-9AEC8DDE2F8F}.Debug|x64.ActiveCfg = Debug|x64
		{6A8FBD97-BCB6-4BE8-9687-9AEC8DDE2F8F}.Debug|x64.Build.0 = Debug|x64
		{6A8FBD97-BCB6-4BE8-9687-9AEC8DDE2F8F}.Debug|x86.ActiveCfg = Debug|Win32
		{6A8FBD97-BCB6-4BE8-9687-9AEC8DDE2F8F}.Debug|x86.Build.0 = Debug|Win32
		{6A8FBD97-BCB6-4BE8-9687-9AEC8DDE2F8F}.Release|x64.ActiveCfg = Release|x64
		{6A8FBD97-BCB6-4BE8-9687-9AEC8DDE2F8F}.Release|x64.Build.0 = Release|x64
		{6A8FBD97-BCB6-4BE8-9687-9AEC8DDE2F8F}.Release|x86.ActiveCfg = Release|Win32
		{6A8FBD97-BCB6-4BE8-9687-9AEC8DDE2F8F}.Release|x86.Build.0 = Release|Win32
		{351DEE95-3D38-4106-870A-8B20DA6E7C1A}.Debug|x64.ActiveCfg = Debug|x64
		{351DEE95-3D38-4106-870A-8B20DA6E7C1A}.Debug|x64.Build.0 = Debug|x64
		{351DEE95-3D38-4106-870A-8B20DA6E7C1A}.Debug|x86.ActiveCfg = Debug|Win32
		{351DEE95-3D38-4106-870A-8B20DA6E7C1A}.Debug|x86.Build.0 = Debug|Win32
		{351DEE95-3D38-4106-870A-8B20DA6E7C1A}.Release|x64.ActiveCfg = Release|x64
		{351DEE95-3D38-4106-870A-8B20DA6E7C1A}.Release|x64.Build.0 = Release|x64
		{351DEE95-3D38-4106-870A-8B20DA6E7C1A}.Release|x86.ActiveCfg = Release|Win32
		{351DEE95-3D38-4106-870A-8B20DA6E7C1A}.Release|x86.Build.0 = Release|Win32
	EndGlobalSection
	GlobalSection(SolutionProperties) = preSolution
		HideSolutionNode = FALSE
	EndGlobalSection
	GlobalSection(ExtensibilityGlobals) = postSolution
		SolutionGuid = {B1CC7800-82B7-44CA-A184-075D47960605}
	EndGlobalSection
EndGlobal
